// !$*UTF8*$!
{
	archiveVersion = 1;
	classes = {
	};
	objectVersion = 56;
	objects = {

/* Begin PBXBuildFile section */
		5BCAA3CC2BE48D370025F734 /* RecipeDetailHeaderUIView.m in Sources */ = {isa = PBXBuildFile; fileRef = 5BCAA3CB2BE48D370025F734 /* RecipeDetailHeaderUIView.m */; };
		5BCAA3CF2BE48EB60025F734 /* RecipeDetailHeaderViewModel.m in Sources */ = {isa = PBXBuildFile; fileRef = 5BCAA3CE2BE48EB60025F734 /* RecipeDetailHeaderViewModel.m */; };
		5BCAA3D22BE4B8930025F734 /* RecipeIngredientsTableViewCell.m in Sources */ = {isa = PBXBuildFile; fileRef = 5BCAA3D12BE4B8930025F734 /* RecipeIngredientsTableViewCell.m */; };
		5BCAA3D52BE4B8A60025F734 /* RecipeInstructionsTableViewCell.m in Sources */ = {isa = PBXBuildFile; fileRef = 5BCAA3D42BE4B8A60025F734 /* RecipeInstructionsTableViewCell.m */; };
		5BCAA3D82BE4C8DE0025F734 /* RecipeSectionsViewModel.m in Sources */ = {isa = PBXBuildFile; fileRef = 5BCAA3D72BE4C8DE0025F734 /* RecipeSectionsViewModel.m */; };
		5BF01A562BE2FEE700D0B245 /* AppDelegate.m in Sources */ = {isa = PBXBuildFile; fileRef = 5BF01A552BE2FEE700D0B245 /* AppDelegate.m */; };
		5BF01A592BE2FEE700D0B245 /* SceneDelegate.m in Sources */ = {isa = PBXBuildFile; fileRef = 5BF01A582BE2FEE700D0B245 /* SceneDelegate.m */; };
		5BF01A5C2BE2FEE700D0B245 /* RecipesViewController.m in Sources */ = {isa = PBXBuildFile; fileRef = 5BF01A5B2BE2FEE700D0B245 /* RecipesViewController.m */; };
		5BF01A612BE2FEEA00D0B245 /* Assets.xcassets in Resources */ = {isa = PBXBuildFile; fileRef = 5BF01A602BE2FEEA00D0B245 /* Assets.xcassets */; };
		5BF01A642BE2FEEA00D0B245 /* Base in Resources */ = {isa = PBXBuildFile; fileRef = 5BF01A632BE2FEEA00D0B245 /* Base */; };
		5BF01A672BE2FEEA00D0B245 /* main.m in Sources */ = {isa = PBXBuildFile; fileRef = 5BF01A662BE2FEEA00D0B245 /* main.m */; };
		5BF01A702BE301CB00D0B245 /* RecipeUITableViewCell.m in Sources */ = {isa = PBXBuildFile; fileRef = 5BF01A6F2BE301CB00D0B245 /* RecipeUITableViewCell.m */; };
		5BF01A762BE3069700D0B245 /* Recipe.m in Sources */ = {isa = PBXBuildFile; fileRef = 5BF01A752BE3069700D0B245 /* Recipe.m */; };
		5BF01A792BE3085200D0B245 /* RecipeService.m in Sources */ = {isa = PBXBuildFile; fileRef = 5BF01A782BE3085200D0B245 /* RecipeService.m */; };
		5BF01A802BE30C3600D0B245 /* ConstantsEndpoints.m in Sources */ = {isa = PBXBuildFile; fileRef = 5BF01A7F2BE30C3600D0B245 /* ConstantsEndpoints.m */; };
		5BF01A832BE315E200D0B245 /* RecipeListViewModel.m in Sources */ = {isa = PBXBuildFile; fileRef = 5BF01A822BE315E200D0B245 /* RecipeListViewModel.m */; };
		5BF01A862BE322BD00D0B245 /* RecipeCellViewModel.m in Sources */ = {isa = PBXBuildFile; fileRef = 5BF01A852BE322BD00D0B245 /* RecipeCellViewModel.m */; };
		5BF01A892BE33E0600D0B245 /* RecipeDetailViewModel.m in Sources */ = {isa = PBXBuildFile; fileRef = 5BF01A882BE33E0600D0B245 /* RecipeDetailViewModel.m */; };
		5BF01A8D2BE357B800D0B245 /* RecipeDetailViewController.m in Sources */ = {isa = PBXBuildFile; fileRef = 5BF01A8C2BE357B800D0B245 /* RecipeDetailViewController.m */; };
		5BF01A912BE35A6300D0B245 /* ImageCacheManager.m in Sources */ = {isa = PBXBuildFile; fileRef = 5BF01A902BE35A6300D0B245 /* ImageCacheManager.m */; };
/* End PBXBuildFile section */

/* Begin PBXFileReference section */
		5BCAA3CA2BE48D370025F734 /* RecipeDetailHeaderUIView.h */ = {isa = PBXFileReference; lastKnownFileType = sourcecode.c.h; path = RecipeDetailHeaderUIView.h; sourceTree = "<group>"; };
		5BCAA3CB2BE48D370025F734 /* RecipeDetailHeaderUIView.m */ = {isa = PBXFileReference; lastKnownFileType = sourcecode.c.objc; path = RecipeDetailHeaderUIView.m; sourceTree = "<group>"; };
		5BCAA3CD2BE48EB60025F734 /* RecipeDetailHeaderViewModel.h */ = {isa = PBXFileReference; lastKnownFileType = sourcecode.c.h; path = RecipeDetailHeaderViewModel.h; sourceTree = "<group>"; };
		5BCAA3CE2BE48EB60025F734 /* RecipeDetailHeaderViewModel.m */ = {isa = PBXFileReference; lastKnownFileType = sourcecode.c.objc; path = RecipeDetailHeaderViewModel.m; sourceTree = "<group>"; };
		5BCAA3D02BE4B8930025F734 /* RecipeIngredientsTableViewCell.h */ = {isa = PBXFileReference; lastKnownFileType = sourcecode.c.h; path = RecipeIngredientsTableViewCell.h; sourceTree = "<group>"; };
		5BCAA3D12BE4B8930025F734 /* RecipeIngredientsTableViewCell.m */ = {isa = PBXFileReference; lastKnownFileType = sourcecode.c.objc; path = RecipeIngredientsTableViewCell.m; sourceTree = "<group>"; };
		5BCAA3D32BE4B8A60025F734 /* RecipeInstructionsTableViewCell.h */ = {isa = PBXFileReference; lastKnownFileType = sourcecode.c.h; path = RecipeInstructionsTableViewCell.h; sourceTree = "<group>"; };
		5BCAA3D42BE4B8A60025F734 /* RecipeInstructionsTableViewCell.m */ = {isa = PBXFileReference; lastKnownFileType = sourcecode.c.objc; path = RecipeInstructionsTableViewCell.m; sourceTree = "<group>"; };
		5BCAA3D62BE4C8DE0025F734 /* RecipeSectionsViewModel.h */ = {isa = PBXFileReference; lastKnownFileType = sourcecode.c.h; path = RecipeSectionsViewModel.h; sourceTree = "<group>"; };
		5BCAA3D72BE4C8DE0025F734 /* RecipeSectionsViewModel.m */ = {isa = PBXFileReference; lastKnownFileType = sourcecode.c.objc; path = RecipeSectionsViewModel.m; sourceTree = "<group>"; };
		5BF01A512BE2FEE700D0B245 /* RecipesApp.app */ = {isa = PBXFileReference; explicitFileType = wrapper.application; includeInIndex = 0; path = RecipesApp.app; sourceTree = BUILT_PRODUCTS_DIR; };
		5BF01A542BE2FEE700D0B245 /* AppDelegate.h */ = {isa = PBXFileReference; lastKnownFileType = sourcecode.c.h; path = AppDelegate.h; sourceTree = "<group>"; };
		5BF01A552BE2FEE700D0B245 /* AppDelegate.m */ = {isa = PBXFileReference; lastKnownFileType = sourcecode.c.objc; path = AppDelegate.m; sourceTree = "<group>"; };
		5BF01A572BE2FEE700D0B245 /* SceneDelegate.h */ = {isa = PBXFileReference; lastKnownFileType = sourcecode.c.h; path = SceneDelegate.h; sourceTree = "<group>"; };
		5BF01A582BE2FEE700D0B245 /* SceneDelegate.m */ = {isa = PBXFileReference; lastKnownFileType = sourcecode.c.objc; path = SceneDelegate.m; sourceTree = "<group>"; };
		5BF01A5A2BE2FEE700D0B245 /* RecipesViewController.h */ = {isa = PBXFileReference; lastKnownFileType = sourcecode.c.h; path = RecipesViewController.h; sourceTree = "<group>"; };
		5BF01A5B2BE2FEE700D0B245 /* RecipesViewController.m */ = {isa = PBXFileReference; lastKnownFileType = sourcecode.c.objc; path = RecipesViewController.m; sourceTree = "<group>"; };
		5BF01A602BE2FEEA00D0B245 /* Assets.xcassets */ = {isa = PBXFileReference; lastKnownFileType = folder.assetcatalog; path = Assets.xcassets; sourceTree = "<group>"; };
		5BF01A632BE2FEEA00D0B245 /* Base */ = {isa = PBXFileReference; lastKnownFileType = file.storyboard; name = Base; path = Base.lproj/LaunchScreen.storyboard; sourceTree = "<group>"; };
		5BF01A652BE2FEEA00D0B245 /* Info.plist */ = {isa = PBXFileReference; lastKnownFileType = text.plist.xml; path = Info.plist; sourceTree = "<group>"; };
		5BF01A662BE2FEEA00D0B245 /* main.m */ = {isa = PBXFileReference; lastKnownFileType = sourcecode.c.objc; path = main.m; sourceTree = "<group>"; };
		5BF01A6E2BE301CB00D0B245 /* RecipeUITableViewCell.h */ = {isa = PBXFileReference; lastKnownFileType = sourcecode.c.h; path = RecipeUITableViewCell.h; sourceTree = "<group>"; };
		5BF01A6F2BE301CB00D0B245 /* RecipeUITableViewCell.m */ = {isa = PBXFileReference; lastKnownFileType = sourcecode.c.objc; path = RecipeUITableViewCell.m; sourceTree = "<group>"; };
		5BF01A742BE3069700D0B245 /* Recipe.h */ = {isa = PBXFileReference; lastKnownFileType = sourcecode.c.h; path = Recipe.h; sourceTree = "<group>"; };
		5BF01A752BE3069700D0B245 /* Recipe.m */ = {isa = PBXFileReference; lastKnownFileType = sourcecode.c.objc; path = Recipe.m; sourceTree = "<group>"; };
		5BF01A772BE3085200D0B245 /* RecipeService.h */ = {isa = PBXFileReference; lastKnownFileType = sourcecode.c.h; path = RecipeService.h; sourceTree = "<group>"; };
		5BF01A782BE3085200D0B245 /* RecipeService.m */ = {isa = PBXFileReference; lastKnownFileType = sourcecode.c.objc; path = RecipeService.m; sourceTree = "<group>"; };
		5BF01A7A2BE30A3E00D0B245 /* RecipeServiceProtocol.h */ = {isa = PBXFileReference; lastKnownFileType = sourcecode.c.h; path = RecipeServiceProtocol.h; sourceTree = "<group>"; };
		5BF01A7E2BE30C3600D0B245 /* ConstantsEndpoints.h */ = {isa = PBXFileReference; lastKnownFileType = sourcecode.c.h; path = ConstantsEndpoints.h; sourceTree = "<group>"; };
		5BF01A7F2BE30C3600D0B245 /* ConstantsEndpoints.m */ = {isa = PBXFileReference; lastKnownFileType = sourcecode.c.objc; path = ConstantsEndpoints.m; sourceTree = "<group>"; };
		5BF01A812BE315E200D0B245 /* RecipeListViewModel.h */ = {isa = PBXFileReference; lastKnownFileType = sourcecode.c.h; path = RecipeListViewModel.h; sourceTree = "<group>"; };
		5BF01A822BE315E200D0B245 /* RecipeListViewModel.m */ = {isa = PBXFileReference; lastKnownFileType = sourcecode.c.objc; path = RecipeListViewModel.m; sourceTree = "<group>"; };
		5BF01A842BE322BD00D0B245 /* RecipeCellViewModel.h */ = {isa = PBXFileReference; lastKnownFileType = sourcecode.c.h; path = RecipeCellViewModel.h; sourceTree = "<group>"; };
		5BF01A852BE322BD00D0B245 /* RecipeCellViewModel.m */ = {isa = PBXFileReference; lastKnownFileType = sourcecode.c.objc; path = RecipeCellViewModel.m; sourceTree = "<group>"; };
		5BF01A872BE33E0600D0B245 /* RecipeDetailViewModel.h */ = {isa = PBXFileReference; lastKnownFileType = sourcecode.c.h; path = RecipeDetailViewModel.h; sourceTree = "<group>"; };
		5BF01A882BE33E0600D0B245 /* RecipeDetailViewModel.m */ = {isa = PBXFileReference; lastKnownFileType = sourcecode.c.objc; path = RecipeDetailViewModel.m; sourceTree = "<group>"; };
		5BF01A8B2BE357B800D0B245 /* RecipeDetailViewController.h */ = {isa = PBXFileReference; lastKnownFileType = sourcecode.c.h; path = RecipeDetailViewController.h; sourceTree = "<group>"; };
		5BF01A8C2BE357B800D0B245 /* RecipeDetailViewController.m */ = {isa = PBXFileReference; lastKnownFileType = sourcecode.c.objc; path = RecipeDetailViewController.m; sourceTree = "<group>"; };
		5BF01A8F2BE35A6300D0B245 /* ImageCacheManager.h */ = {isa = PBXFileReference; lastKnownFileType = sourcecode.c.h; path = ImageCacheManager.h; sourceTree = "<group>"; };
		5BF01A902BE35A6300D0B245 /* ImageCacheManager.m */ = {isa = PBXFileReference; lastKnownFileType = sourcecode.c.objc; path = ImageCacheManager.m; sourceTree = "<group>"; };
/* End PBXFileReference section */

/* Begin PBXFrameworksBuildPhase section */
		5BF01A4E2BE2FEE700D0B245 /* Frameworks */ = {
			isa = PBXFrameworksBuildPhase;
			buildActionMask = 2147483647;
			files = (
			);
			runOnlyForDeploymentPostprocessing = 0;
		};
/* End PBXFrameworksBuildPhase section */

/* Begin PBXGroup section */
		5BF01A482BE2FEE700D0B245 = {
			isa = PBXGroup;
			children = (
				5BF01A532BE2FEE700D0B245 /* RecipesApp */,
				5BF01A522BE2FEE700D0B245 /* Products */,
			);
			sourceTree = "<group>";
		};
		5BF01A522BE2FEE700D0B245 /* Products */ = {
			isa = PBXGroup;
			children = (
				5BF01A512BE2FEE700D0B245 /* RecipesApp.app */,
			);
			name = Products;
			sourceTree = "<group>";
		};
		5BF01A532BE2FEE700D0B245 /* RecipesApp */ = {
			isa = PBXGroup;
			children = (
				5BF01A8E2BE35A3400D0B245 /* ImageManager */,
				5BF01A8A2BE3575500D0B245 /* Controllers */,
				5BF01A7D2BE30C0B00D0B245 /* Constants */,
				5BF01A732BE305F600D0B245 /* ViewModel */,
				5BF01A722BE305F100D0B245 /* Model */,
				5BF01A712BE305E400D0B245 /* Service */,
				5BF01A6D2BE3016600D0B245 /* View */,
				5BF01A542BE2FEE700D0B245 /* AppDelegate.h */,
				5BF01A552BE2FEE700D0B245 /* AppDelegate.m */,
				5BF01A572BE2FEE700D0B245 /* SceneDelegate.h */,
				5BF01A582BE2FEE700D0B245 /* SceneDelegate.m */,
				5BF01A602BE2FEEA00D0B245 /* Assets.xcassets */,
				5BF01A622BE2FEEA00D0B245 /* LaunchScreen.storyboard */,
				5BF01A652BE2FEEA00D0B245 /* Info.plist */,
				5BF01A662BE2FEEA00D0B245 /* main.m */,
			);
			path = RecipesApp;
			sourceTree = "<group>";
		};
		5BF01A6D2BE3016600D0B245 /* View */ = {
			isa = PBXGroup;
			children = (
				5BF01A6E2BE301CB00D0B245 /* RecipeUITableViewCell.h */,
				5BF01A6F2BE301CB00D0B245 /* RecipeUITableViewCell.m */,
				5BCAA3CA2BE48D370025F734 /* RecipeDetailHeaderUIView.h */,
				5BCAA3CB2BE48D370025F734 /* RecipeDetailHeaderUIView.m */,
				5BCAA3D02BE4B8930025F734 /* RecipeIngredientsTableViewCell.h */,
				5BCAA3D12BE4B8930025F734 /* RecipeIngredientsTableViewCell.m */,
				5BCAA3D32BE4B8A60025F734 /* RecipeInstructionsTableViewCell.h */,
				5BCAA3D42BE4B8A60025F734 /* RecipeInstructionsTableViewCell.m */,
			);
			path = View;
			sourceTree = "<group>";
		};
		5BF01A712BE305E400D0B245 /* Service */ = {
			isa = PBXGroup;
			children = (
				5BF01A772BE3085200D0B245 /* RecipeService.h */,
				5BF01A782BE3085200D0B245 /* RecipeService.m */,
				5BF01A7A2BE30A3E00D0B245 /* RecipeServiceProtocol.h */,
			);
			path = Service;
			sourceTree = "<group>";
		};
		5BF01A722BE305F100D0B245 /* Model */ = {
			isa = PBXGroup;
			children = (
				5BF01A742BE3069700D0B245 /* Recipe.h */,
				5BF01A752BE3069700D0B245 /* Recipe.m */,
			);
			path = Model;
			sourceTree = "<group>";
		};
		5BF01A732BE305F600D0B245 /* ViewModel */ = {
			isa = PBXGroup;
			children = (
				5BF01A812BE315E200D0B245 /* RecipeListViewModel.h */,
				5BF01A822BE315E200D0B245 /* RecipeListViewModel.m */,
				5BF01A842BE322BD00D0B245 /* RecipeCellViewModel.h */,
				5BF01A852BE322BD00D0B245 /* RecipeCellViewModel.m */,
				5BF01A872BE33E0600D0B245 /* RecipeDetailViewModel.h */,
				5BF01A882BE33E0600D0B245 /* RecipeDetailViewModel.m */,
				5BCAA3CD2BE48EB60025F734 /* RecipeDetailHeaderViewModel.h */,
				5BCAA3CE2BE48EB60025F734 /* RecipeDetailHeaderViewModel.m */,
				5BCAA3D62BE4C8DE0025F734 /* RecipeSectionsViewModel.h */,
				5BCAA3D72BE4C8DE0025F734 /* RecipeSectionsViewModel.m */,
			);
			path = ViewModel;
			sourceTree = "<group>";
		};
		5BF01A7D2BE30C0B00D0B245 /* Constants */ = {
			isa = PBXGroup;
			children = (
				5BF01A7E2BE30C3600D0B245 /* ConstantsEndpoints.h */,
				5BF01A7F2BE30C3600D0B245 /* ConstantsEndpoints.m */,
			);
			path = Constants;
			sourceTree = "<group>";
		};
		5BF01A8A2BE3575500D0B245 /* Controllers */ = {
			isa = PBXGroup;
			children = (
				5BF01A5A2BE2FEE700D0B245 /* RecipesViewController.h */,
				5BF01A5B2BE2FEE700D0B245 /* RecipesViewController.m */,
				5BF01A8B2BE357B800D0B245 /* RecipeDetailViewController.h */,
				5BF01A8C2BE357B800D0B245 /* RecipeDetailViewController.m */,
			);
			path = Controllers;
			sourceTree = "<group>";
		};
		5BF01A8E2BE35A3400D0B245 /* ImageManager */ = {
			isa = PBXGroup;
			children = (
				5BF01A8F2BE35A6300D0B245 /* ImageCacheManager.h */,
				5BF01A902BE35A6300D0B245 /* ImageCacheManager.m */,
			);
			path = ImageManager;
			sourceTree = "<group>";
		};
/* End PBXGroup section */

/* Begin PBXNativeTarget section */
		5BF01A502BE2FEE700D0B245 /* RecipesApp */ = {
			isa = PBXNativeTarget;
			buildConfigurationList = 5BF01A6A2BE2FEEA00D0B245 /* Build configuration list for PBXNativeTarget "RecipesApp" */;
			buildPhases = (
				5BF01A4D2BE2FEE700D0B245 /* Sources */,
				5BF01A4E2BE2FEE700D0B245 /* Frameworks */,
				5BF01A4F2BE2FEE700D0B245 /* Resources */,
			);
			buildRules = (
			);
			dependencies = (
			);
			name = RecipesApp;
			productName = RecipesApp;
			productReference = 5BF01A512BE2FEE700D0B245 /* RecipesApp.app */;
			productType = "com.apple.product-type.application";
		};
/* End PBXNativeTarget section */

/* Begin PBXProject section */
		5BF01A492BE2FEE700D0B245 /* Project object */ = {
			isa = PBXProject;
			attributes = {
				BuildIndependentTargetsInParallel = 1;
				LastUpgradeCheck = 1530;
				TargetAttributes = {
					5BF01A502BE2FEE700D0B245 = {
						CreatedOnToolsVersion = 15.3;
					};
				};
			};
			buildConfigurationList = 5BF01A4C2BE2FEE700D0B245 /* Build configuration list for PBXProject "RecipesApp" */;
			compatibilityVersion = "Xcode 14.0";
			developmentRegion = en;
			hasScannedForEncodings = 0;
			knownRegions = (
				en,
				Base,
			);
			mainGroup = 5BF01A482BE2FEE700D0B245;
			productRefGroup = 5BF01A522BE2FEE700D0B245 /* Products */;
			projectDirPath = "";
			projectRoot = "";
			targets = (
				5BF01A502BE2FEE700D0B245 /* RecipesApp */,
			);
		};
/* End PBXProject section */

/* Begin PBXResourcesBuildPhase section */
		5BF01A4F2BE2FEE700D0B245 /* Resources */ = {
			isa = PBXResourcesBuildPhase;
			buildActionMask = 2147483647;
			files = (
				5BF01A612BE2FEEA00D0B245 /* Assets.xcassets in Resources */,
				5BF01A642BE2FEEA00D0B245 /* Base in Resources */,
			);
			runOnlyForDeploymentPostprocessing = 0;
		};
/* End PBXResourcesBuildPhase section */

/* Begin PBXSourcesBuildPhase section */
		5BF01A4D2BE2FEE700D0B245 /* Sources */ = {
			isa = PBXSourcesBuildPhase;
			buildActionMask = 2147483647;
			files = (
				5BCAA3D52BE4B8A60025F734 /* RecipeInstructionsTableViewCell.m in Sources */,
				5BF01A802BE30C3600D0B245 /* ConstantsEndpoints.m in Sources */,
				5BF01A8D2BE357B800D0B245 /* RecipeDetailViewController.m in Sources */,
				5BF01A5C2BE2FEE700D0B245 /* RecipesViewController.m in Sources */,
				5BF01A912BE35A6300D0B245 /* ImageCacheManager.m in Sources */,
				5BCAA3D22BE4B8930025F734 /* RecipeIngredientsTableViewCell.m in Sources */,
				5BF01A862BE322BD00D0B245 /* RecipeCellViewModel.m in Sources */,
				5BCAA3CF2BE48EB60025F734 /* RecipeDetailHeaderViewModel.m in Sources */,
				5BF01A832BE315E200D0B245 /* RecipeListViewModel.m in Sources */,
				5BF01A892BE33E0600D0B245 /* RecipeDetailViewModel.m in Sources */,
				5BF01A762BE3069700D0B245 /* Recipe.m in Sources */,
				5BCAA3CC2BE48D370025F734 /* RecipeDetailHeaderUIView.m in Sources */,
				5BF01A562BE2FEE700D0B245 /* AppDelegate.m in Sources */,
				5BF01A702BE301CB00D0B245 /* RecipeUITableViewCell.m in Sources */,
				5BCAA3D82BE4C8DE0025F734 /* RecipeSectionsViewModel.m in Sources */,
				5BF01A792BE3085200D0B245 /* RecipeService.m in Sources */,
				5BF01A672BE2FEEA00D0B245 /* main.m in Sources */,
				5BF01A592BE2FEE700D0B245 /* SceneDelegate.m in Sources */,
			);
			runOnlyForDeploymentPostprocessing = 0;
		};
/* End PBXSourcesBuildPhase section */

/* Begin PBXVariantGroup section */
		5BF01A622BE2FEEA00D0B245 /* LaunchScreen.storyboard */ = {
			isa = PBXVariantGroup;
			children = (
				5BF01A632BE2FEEA00D0B245 /* Base */,
			);
			name = LaunchScreen.storyboard;
			sourceTree = "<group>";
		};
/* End PBXVariantGroup section */

/* Begin XCBuildConfiguration section */
		5BF01A682BE2FEEA00D0B245 /* Debug */ = {
			isa = XCBuildConfiguration;
			buildSettings = {
				ALWAYS_SEARCH_USER_PATHS = NO;
				ASSETCATALOG_COMPILER_GENERATE_SWIFT_ASSET_SYMBOL_EXTENSIONS = YES;
				CLANG_ANALYZER_NONNULL = YES;
				CLANG_ANALYZER_NUMBER_OBJECT_CONVERSION = YES_AGGRESSIVE;
				CLANG_CXX_LANGUAGE_STANDARD = "gnu++20";
				CLANG_ENABLE_MODULES = YES;
				CLANG_ENABLE_OBJC_ARC = YES;
				CLANG_ENABLE_OBJC_WEAK = YES;
				CLANG_WARN_BLOCK_CAPTURE_AUTORELEASING = YES;
				CLANG_WARN_BOOL_CONVERSION = YES;
				CLANG_WARN_COMMA = YES;
				CLANG_WARN_CONSTANT_CONVERSION = YES;
				CLANG_WARN_DEPRECATED_OBJC_IMPLEMENTATIONS = YES;
				CLANG_WARN_DIRECT_OBJC_ISA_USAGE = YES_ERROR;
				CLANG_WARN_DOCUMENTATION_COMMENTS = YES;
				CLANG_WARN_EMPTY_BODY = YES;
				CLANG_WARN_ENUM_CONVERSION = YES;
				CLANG_WARN_INFINITE_RECURSION = YES;
				CLANG_WARN_INT_CONVERSION = YES;
				CLANG_WARN_NON_LITERAL_NULL_CONVERSION = YES;
				CLANG_WARN_OBJC_IMPLICIT_RETAIN_SELF = YES;
				CLANG_WARN_OBJC_LITERAL_CONVERSION = YES;
				CLANG_WARN_OBJC_ROOT_CLASS = YES_ERROR;
				CLANG_WARN_QUOTED_INCLUDE_IN_FRAMEWORK_HEADER = YES;
				CLANG_WARN_RANGE_LOOP_ANALYSIS = YES;
				CLANG_WARN_STRICT_PROTOTYPES = YES;
				CLANG_WARN_SUSPICIOUS_MOVE = YES;
				CLANG_WARN_UNGUARDED_AVAILABILITY = YES_AGGRESSIVE;
				CLANG_WARN_UNREACHABLE_CODE = YES;
				CLANG_WARN__DUPLICATE_METHOD_MATCH = YES;
				COPY_PHASE_STRIP = NO;
				DEBUG_INFORMATION_FORMAT = dwarf;
				ENABLE_STRICT_OBJC_MSGSEND = YES;
				ENABLE_TESTABILITY = YES;
				ENABLE_USER_SCRIPT_SANDBOXING = YES;
				GCC_C_LANGUAGE_STANDARD = gnu17;
				GCC_DYNAMIC_NO_PIC = NO;
				GCC_NO_COMMON_BLOCKS = YES;
				GCC_OPTIMIZATION_LEVEL = 0;
				GCC_PREPROCESSOR_DEFINITIONS = (
					"DEBUG=1",
					"$(inherited)",
				);
				GCC_WARN_64_TO_32_BIT_CONVERSION = YES;
				GCC_WARN_ABOUT_RETURN_TYPE = YES_ERROR;
				GCC_WARN_UNDECLARED_SELECTOR = YES;
				GCC_WARN_UNINITIALIZED_AUTOS = YES_AGGRESSIVE;
				GCC_WARN_UNUSED_FUNCTION = YES;
				GCC_WARN_UNUSED_VARIABLE = YES;
				IPHONEOS_DEPLOYMENT_TARGET = 17.4;
				LOCALIZATION_PREFERS_STRING_CATALOGS = YES;
				MTL_ENABLE_DEBUG_INFO = INCLUDE_SOURCE;
				MTL_FAST_MATH = YES;
				ONLY_ACTIVE_ARCH = YES;
				SDKROOT = iphoneos;
			};
			name = Debug;
		};
		5BF01A692BE2FEEA00D0B245 /* Release */ = {
			isa = XCBuildConfiguration;
			buildSettings = {
				ALWAYS_SEARCH_USER_PATHS = NO;
				ASSETCATALOG_COMPILER_GENERATE_SWIFT_ASSET_SYMBOL_EXTENSIONS = YES;
				CLANG_ANALYZER_NONNULL = YES;
				CLANG_ANALYZER_NUMBER_OBJECT_CONVERSION = YES_AGGRESSIVE;
				CLANG_CXX_LANGUAGE_STANDARD = "gnu++20";
				CLANG_ENABLE_MODULES = YES;
				CLANG_ENABLE_OBJC_ARC = YES;
				CLANG_ENABLE_OBJC_WEAK = YES;
				CLANG_WARN_BLOCK_CAPTURE_AUTORELEASING = YES;
				CLANG_WARN_BOOL_CONVERSION = YES;
				CLANG_WARN_COMMA = YES;
				CLANG_WARN_CONSTANT_CONVERSION = YES;
				CLANG_WARN_DEPRECATED_OBJC_IMPLEMENTATIONS = YES;
				CLANG_WARN_DIRECT_OBJC_ISA_USAGE = YES_ERROR;
				CLANG_WARN_DOCUMENTATION_COMMENTS = YES;
				CLANG_WARN_EMPTY_BODY = YES;
				CLANG_WARN_ENUM_CONVERSION = YES;
				CLANG_WARN_INFINITE_RECURSION = YES;
				CLANG_WARN_INT_CONVERSION = YES;
				CLANG_WARN_NON_LITERAL_NULL_CONVERSION = YES;
				CLANG_WARN_OBJC_IMPLICIT_RETAIN_SELF = YES;
				CLANG_WARN_OBJC_LITERAL_CONVERSION = YES;
				CLANG_WARN_OBJC_ROOT_CLASS = YES_ERROR;
				CLANG_WARN_QUOTED_INCLUDE_IN_FRAMEWORK_HEADER = YES;
				CLANG_WARN_RANGE_LOOP_ANALYSIS = YES;
				CLANG_WARN_STRICT_PROTOTYPES = YES;
				CLANG_WARN_SUSPICIOUS_MOVE = YES;
				CLANG_WARN_UNGUARDED_AVAILABILITY = YES_AGGRESSIVE;
				CLANG_WARN_UNREACHABLE_CODE = YES;
				CLANG_WARN__DUPLICATE_METHOD_MATCH = YES;
				COPY_PHASE_STRIP = NO;
				DEBUG_INFORMATION_FORMAT = "dwarf-with-dsym";
				ENABLE_NS_ASSERTIONS = NO;
				ENABLE_STRICT_OBJC_MSGSEND = YES;
				ENABLE_USER_SCRIPT_SANDBOXING = YES;
				GCC_C_LANGUAGE_STANDARD = gnu17;
				GCC_NO_COMMON_BLOCKS = YES;
				GCC_WARN_64_TO_32_BIT_CONVERSION = YES;
				GCC_WARN_ABOUT_RETURN_TYPE = YES_ERROR;
				GCC_WARN_UNDECLARED_SELECTOR = YES;
				GCC_WARN_UNINITIALIZED_AUTOS = YES_AGGRESSIVE;
				GCC_WARN_UNUSED_FUNCTION = YES;
				GCC_WARN_UNUSED_VARIABLE = YES;
				IPHONEOS_DEPLOYMENT_TARGET = 17.4;
				LOCALIZATION_PREFERS_STRING_CATALOGS = YES;
				MTL_ENABLE_DEBUG_INFO = NO;
				MTL_FAST_MATH = YES;
				SDKROOT = iphoneos;
				VALIDATE_PRODUCT = YES;
			};
			name = Release;
		};
		5BF01A6B2BE2FEEA00D0B245 /* Debug */ = {
			isa = XCBuildConfiguration;
			buildSettings = {
				ASSETCATALOG_COMPILER_APPICON_NAME = AppIcon;
				ASSETCATALOG_COMPILER_GLOBAL_ACCENT_COLOR_NAME = AccentColor;
				CODE_SIGN_STYLE = Automatic;
				CURRENT_PROJECT_VERSION = 1;
				DEVELOPMENT_TEAM = QP85979J3B;
				GENERATE_INFOPLIST_FILE = YES;
				INFOPLIST_FILE = RecipesApp/Info.plist;
				INFOPLIST_KEY_UIApplicationSupportsIndirectInputEvents = YES;
				INFOPLIST_KEY_UILaunchStoryboardName = LaunchScreen;
				INFOPLIST_KEY_UISupportedInterfaceOrientations = UIInterfaceOrientationPortrait;
				INFOPLIST_KEY_UISupportedInterfaceOrientations_iPad = "UIInterfaceOrientationLandscapeLeft UIInterfaceOrientationLandscapeRight UIInterfaceOrientationPortrait UIInterfaceOrientationPortraitUpsideDown";
				LD_RUNPATH_SEARCH_PATHS = (
					"$(inherited)",
					"@executable_path/Frameworks",
				);
				MARKETING_VERSION = 1.0;
				PRODUCT_BUNDLE_IDENTIFIER = c.RecipesApp;
				PRODUCT_NAME = "$(TARGET_NAME)";
				SUPPORTED_PLATFORMS = "iphoneos iphonesimulator";
				SUPPORTS_MACCATALYST = NO;
				SUPPORTS_MAC_DESIGNED_FOR_IPHONE_IPAD = NO;
				SUPPORTS_XR_DESIGNED_FOR_IPHONE_IPAD = NO;
				SWIFT_EMIT_LOC_STRINGS = YES;
				TARGETED_DEVICE_FAMILY = 1;
			};
			name = Debug;
		};
		5BF01A6C2BE2FEEA00D0B245 /* Release */ = {
			isa = XCBuildConfiguration;
			buildSettings = {
				ASSETCATALOG_COMPILER_APPICON_NAME = AppIcon;
				ASSETCATALOG_COMPILER_GLOBAL_ACCENT_COLOR_NAME = AccentColor;
				CODE_SIGN_STYLE = Automatic;
				CURRENT_PROJECT_VERSION = 1;
				DEVELOPMENT_TEAM = QP85979J3B;
				GENERATE_INFOPLIST_FILE = YES;
				INFOPLIST_FILE = RecipesApp/Info.plist;
				INFOPLIST_KEY_UIApplicationSupportsIndirectInputEvents = YES;
				INFOPLIST_KEY_UILaunchStoryboardName = LaunchScreen;
				INFOPLIST_KEY_UISupportedInterfaceOrientations = UIInterfaceOrientationPortrait;
				INFOPLIST_KEY_UISupportedInterfaceOrientations_iPad = "UIInterfaceOrientationLandscapeLeft UIInterfaceOrientationLandscapeRight UIInterfaceOrientationPortrait UIInterfaceOrientationPortraitUpsideDown";
				LD_RUNPATH_SEARCH_PATHS = (
					"$(inherited)",
					"@executable_path/Frameworks",
				);
				MARKETING_VERSION = 1.0;
				PRODUCT_BUNDLE_IDENTIFIER = c.RecipesApp;
				PRODUCT_NAME = "$(TARGET_NAME)";
				SUPPORTED_PLATFORMS = "iphoneos iphonesimulator";
				SUPPORTS_MACCATALYST = NO;
				SUPPORTS_MAC_DESIGNED_FOR_IPHONE_IPAD = NO;
				SUPPORTS_XR_DESIGNED_FOR_IPHONE_IPAD = NO;
				SWIFT_EMIT_LOC_STRINGS = YES;
				TARGETED_DEVICE_FAMILY = 1;
			};
			name = Release;
		};
/* End XCBuildConfiguration section */

/* Begin XCConfigurationList section */
		5BF01A4C2BE2FEE700D0B245 /* Build configuration list for PBXProject "RecipesApp" */ = {
			isa = XCConfigurationList;
			buildConfigurations = (
				5BF01A682BE2FEEA00D0B245 /* Debug */,
				5BF01A692BE2FEEA00D0B245 /* Release */,
			);
			defaultConfigurationIsVisible = 0;
			defaultConfigurationName = Release;
		};
		5BF01A6A2BE2FEEA00D0B245 /* Build configuration list for PBXNativeTarget "RecipesApp" */ = {
			isa = XCConfigurationList;
			buildConfigurations = (
				5BF01A6B2BE2FEEA00D0B245 /* Debug */,
				5BF01A6C2BE2FEEA00D0B245 /* Release */,
			);
			defaultConfigurationIsVisible = 0;
			defaultConfigurationName = Release;
		};
/* End XCConfigurationList section */
	};
	rootObject = 5BF01A492BE2FEE700D0B245 /* Project object */;
}
